
Microsoft Visual Studio Solution File, Format Version 12.00
# Visual Studio 14
VisualStudioVersion = 14.0.25123.0
MinimumVisualStudioVersion = 10.0.40219.1
Project("{25A5FFFC-B842-4721-8E7A-AE3031A3F2EA}") = "Sitecore.Support.228134", "Sitecore.Support.228134\Sitecore.Support.228134.csproj", "{E98679C9-2216-4163-AAA6-E3119440B622}"
EndProject
Global
	GlobalSection(SolutionConfigurationPlatforms) = preSolution
		Debug|Any CPU = Debug|Any CPU
		Release|Any CPU = Release|Any CPU
	EndGlobalSection
	GlobalSection(ProjectConfigurationPlatforms) = postSolution
		{E98679C9-2216-4163-AAA6-E3119440B622}.Debug|Any CPU.ActiveCfg = Debug|Any CPU
		{E98679C9-2216-4163-AAA6-E3119440B622}.Debug|Any CPU.Build.0 = Debug|Any CPU
		{E98679C9-2216-4163-AAA6-E3119440B622}.Release|Any CPU.ActiveCfg = Release|Any CPU
		{E98679C9-2216-4163-AAA6-E3119440B622}.Release|Any CPU.Build.0 = Release|Any CPU
	EndGlobalSection
	GlobalSection(SolutionProperties) = preSolution
		HideSolutionNode = FALSE
	EndGlobalSection
EndGlobal
